// !$*UTF8*$!
{
	archiveVersion = 1;
	classes = {
	};
	objectVersion = 50;
	objects = {

/* Begin PBXBuildFile section */
		062AE0782388D65F009CABC3 /* AppDelegate.swift in Sources */ = {isa = PBXBuildFile; fileRef = 062AE0772388D65F009CABC3 /* AppDelegate.swift */; };
		062AE07C2388D664009CABC3 /* Assets.xcassets in Resources */ = {isa = PBXBuildFile; fileRef = 062AE07B2388D664009CABC3 /* Assets.xcassets */; };
		062AE07F2388D664009CABC3 /* Main.storyboard in Resources */ = {isa = PBXBuildFile; fileRef = 062AE07D2388D664009CABC3 /* Main.storyboard */; };
		062AE08E2388D7D7009CABC3 /* ViewController.swift in Sources */ = {isa = PBXBuildFile; fileRef = 062AE08D2388D7D7009CABC3 /* ViewController.swift */; };
		062AE0922388DF65009CABC3 /* BWIconsInfo.plist in Resources */ = {isa = PBXBuildFile; fileRef = 062AE0912388DF65009CABC3 /* BWIconsInfo.plist */; };
		062AE0942388FDB4009CABC3 /* BWIconsView.swift in Sources */ = {isa = PBXBuildFile; fileRef = 062AE0932388FDB4009CABC3 /* BWIconsView.swift */; };
		062AE09723890007009CABC3 /* BWIcon.swift in Sources */ = {isa = PBXBuildFile; fileRef = 062AE09623890007009CABC3 /* BWIcon.swift */; };
		062ED37B238CF894009ECE3A /* app_icon_template.png in Resources */ = {isa = PBXBuildFile; fileRef = 062ED37A238CF894009ECE3A /* app_icon_template.png */; };
		0686A2C623B09F6C00521016 /* NSImage+Helper.swift in Sources */ = {isa = PBXBuildFile; fileRef = 0686A2C523B09F6C00521016 /* NSImage+Helper.swift */; };
		06954FBE24D4F25B00B6FAF4 /* BWHUDView.swift in Sources */ = {isa = PBXBuildFile; fileRef = 06954FBC24D4F25B00B6FAF4 /* BWHUDView.swift */; };
		06954FBF24D4F25B00B6FAF4 /* BWHUDResource.bundle in Resources */ = {isa = PBXBuildFile; fileRef = 06954FBD24D4F25B00B6FAF4 /* BWHUDResource.bundle */; };
		06D2C13323896FF2000836CF /* ITACommon.swift in Sources */ = {isa = PBXBuildFile; fileRef = 06D2C13223896FF2000836CF /* ITACommon.swift */; };
		06D45193238BC1CA00A63A2E /* add.png in Resources */ = {isa = PBXBuildFile; fileRef = 06D45192238BC1CA00A63A2E /* add.png */; };
		06D81FD4258DDCD600EB4C5A /* InfoPlist.strings in Resources */ = {isa = PBXBuildFile; fileRef = 06D81FD6258DDCD600EB4C5A /* InfoPlist.strings */; };
		06EE09C3238F739800E79576 /* Localizable.strings in Resources */ = {isa = PBXBuildFile; fileRef = 06EE09C5238F739800E79576 /* Localizable.strings */; };
/* End PBXBuildFile section */

/* Begin PBXFileReference section */
		062AE0742388D65F009CABC3 /* IconMagick.app */ = {isa = PBXFileReference; explicitFileType = wrapper.application; includeInIndex = 0; path = IconMagick.app; sourceTree = BUILT_PRODUCTS_DIR; };
		062AE0772388D65F009CABC3 /* AppDelegate.swift */ = {isa = PBXFileReference; lastKnownFileType = sourcecode.swift; path = AppDelegate.swift; sourceTree = "<group>"; };
		062AE07B2388D664009CABC3 /* Assets.xcassets */ = {isa = PBXFileReference; lastKnownFileType = folder.assetcatalog; path = Assets.xcassets; sourceTree = "<group>"; };
		062AE07E2388D664009CABC3 /* Base */ = {isa = PBXFileReference; lastKnownFileType = file.storyboard; name = Base; path = Base.lproj/Main.storyboard; sourceTree = "<group>"; };
		062AE0802388D664009CABC3 /* Info.plist */ = {isa = PBXFileReference; lastKnownFileType = text.plist.xml; path = Info.plist; sourceTree = "<group>"; };
		062AE0812388D664009CABC3 /* IconMagick.entitlements */ = {isa = PBXFileReference; lastKnownFileType = text.plist.entitlements; path = IconMagick.entitlements; sourceTree = "<group>"; };
		062AE08D2388D7D7009CABC3 /* ViewController.swift */ = {isa = PBXFileReference; fileEncoding = 4; lastKnownFileType = sourcecode.swift; path = ViewController.swift; sourceTree = "<group>"; };
		062AE0912388DF65009CABC3 /* BWIconsInfo.plist */ = {isa = PBXFileReference; lastKnownFileType = text.plist.xml; path = BWIconsInfo.plist; sourceTree = "<group>"; };
		062AE0932388FDB4009CABC3 /* BWIconsView.swift */ = {isa = PBXFileReference; lastKnownFileType = sourcecode.swift; path = BWIconsView.swift; sourceTree = "<group>"; };
		062AE09623890007009CABC3 /* BWIcon.swift */ = {isa = PBXFileReference; lastKnownFileType = sourcecode.swift; path = BWIcon.swift; sourceTree = "<group>"; };
		062ED37A238CF894009ECE3A /* app_icon_template.png */ = {isa = PBXFileReference; lastKnownFileType = image.png; path = app_icon_template.png; sourceTree = "<group>"; };
		0686A2C523B09F6C00521016 /* NSImage+Helper.swift */ = {isa = PBXFileReference; fileEncoding = 4; lastKnownFileType = sourcecode.swift; path = "NSImage+Helper.swift"; sourceTree = "<group>"; };
		06954FBC24D4F25B00B6FAF4 /* BWHUDView.swift */ = {isa = PBXFileReference; fileEncoding = 4; lastKnownFileType = sourcecode.swift; path = BWHUDView.swift; sourceTree = "<group>"; };
		06954FBD24D4F25B00B6FAF4 /* BWHUDResource.bundle */ = {isa = PBXFileReference; lastKnownFileType = "wrapper.plug-in"; path = BWHUDResource.bundle; sourceTree = "<group>"; };
		06D2C13223896FF2000836CF /* ITACommon.swift */ = {isa = PBXFileReference; fileEncoding = 4; lastKnownFileType = sourcecode.swift; path = ITACommon.swift; sourceTree = "<group>"; };
		06D45192238BC1CA00A63A2E /* add.png */ = {isa = PBXFileReference; lastKnownFileType = image.png; path = add.png; sourceTree = "<group>"; };
		06D81FD5258DDCD600EB4C5A /* en */ = {isa = PBXFileReference; lastKnownFileType = text.plist.strings; name = en; path = en.lproj/InfoPlist.strings; sourceTree = "<group>"; };
		06D81FD7258DDCDA00EB4C5A /* zh-Hans */ = {isa = PBXFileReference; lastKnownFileType = text.plist.strings; name = "zh-Hans"; path = "zh-Hans.lproj/InfoPlist.strings"; sourceTree = "<group>"; };
		06EE09BF238F6DD200E79576 /* en */ = {isa = PBXFileReference; lastKnownFileType = text.plist.strings; name = en; path = en.lproj/Main.strings; sourceTree = "<group>"; };
		06EE09C0238F6DF700E79576 /* zh-Hans */ = {isa = PBXFileReference; lastKnownFileType = text.plist.strings; name = "zh-Hans"; path = "zh-Hans.lproj/Main.strings"; sourceTree = "<group>"; };
		06EE09C4238F739800E79576 /* en */ = {isa = PBXFileReference; lastKnownFileType = text.plist.strings; name = en; path = en.lproj/Localizable.strings; sourceTree = "<group>"; };
		06EE09C6238F739C00E79576 /* zh-Hans */ = {isa = PBXFileReference; lastKnownFileType = text.plist.strings; name = "zh-Hans"; path = "zh-Hans.lproj/Localizable.strings"; sourceTree = "<group>"; };
/* End PBXFileReference section */

/* Begin PBXFrameworksBuildPhase section */
		062AE0712388D65F009CABC3 /* Frameworks */ = {
			isa = PBXFrameworksBuildPhase;
			buildActionMask = 2147483647;
			files = (
			);
			runOnlyForDeploymentPostprocessing = 0;
		};
/* End PBXFrameworksBuildPhase section */

/* Begin PBXGroup section */
		062AE06B2388D65F009CABC3 = {
			isa = PBXGroup;
			children = (
				062AE0762388D65F009CABC3 /* IconMagick */,
				062AE0752388D65F009CABC3 /* Products */,
			);
			sourceTree = "<group>";
		};
		062AE0752388D65F009CABC3 /* Products */ = {
			isa = PBXGroup;
			children = (
				062AE0742388D65F009CABC3 /* IconMagick.app */,
			);
			name = Products;
			sourceTree = "<group>";
		};
		062AE0762388D65F009CABC3 /* IconMagick */ = {
			isa = PBXGroup;
			children = (
				062AE0812388D664009CABC3 /* IconMagick.entitlements */,
				062AE0772388D65F009CABC3 /* AppDelegate.swift */,
				062AE07D2388D664009CABC3 /* Main.storyboard */,
				062AE08A2388D7D7009CABC3 /* Main */,
				062AE0892388D7D1009CABC3 /* Common */,
				06954FBA24D4F25B00B6FAF4 /* Vendors */,
				062AE0872388D7CC009CABC3 /* Resources */,
				062AE07B2388D664009CABC3 /* Assets.xcassets */,
				062AE0802388D664009CABC3 /* Info.plist */,
				06EE09C5238F739800E79576 /* Localizable.strings */,
				06D81FD6258DDCD600EB4C5A /* InfoPlist.strings */,
			);
			path = IconMagick;
			sourceTree = "<group>";
		};
		062AE0872388D7CC009CABC3 /* Resources */ = {
			isa = PBXGroup;
			children = (
				062AE0912388DF65009CABC3 /* BWIconsInfo.plist */,
				062AE0882388D7CC009CABC3 /* Images */,
			);
			path = Resources;
			sourceTree = "<group>";
		};
		062AE0882388D7CC009CABC3 /* Images */ = {
			isa = PBXGroup;
			children = (
				06D45192238BC1CA00A63A2E /* add.png */,
				062ED37A238CF894009ECE3A /* app_icon_template.png */,
			);
			path = Images;
			sourceTree = "<group>";
		};
		062AE0892388D7D1009CABC3 /* Common */ = {
			isa = PBXGroup;
			children = (
				06D2C13223896FF2000836CF /* ITACommon.swift */,
				0686A2C523B09F6C00521016 /* NSImage+Helper.swift */,
			);
			path = Common;
			sourceTree = "<group>";
		};
		062AE08A2388D7D7009CABC3 /* Main */ = {
			isa = PBXGroup;
			children = (
				062AE08C2388D7D7009CABC3 /* ViewController */,
				062AE08B2388D7D7009CABC3 /* View */,
				062AE0952388FE96009CABC3 /* Model */,
			);
			path = Main;
			sourceTree = "<group>";
		};
		062AE08B2388D7D7009CABC3 /* View */ = {
			isa = PBXGroup;
			children = (
				062AE0932388FDB4009CABC3 /* BWIconsView.swift */,
			);
			path = View;
			sourceTree = "<group>";
		};
		062AE08C2388D7D7009CABC3 /* ViewController */ = {
			isa = PBXGroup;
			children = (
				062AE08D2388D7D7009CABC3 /* ViewController.swift */,
			);
			path = ViewController;
			sourceTree = "<group>";
		};
		062AE0952388FE96009CABC3 /* Model */ = {
			isa = PBXGroup;
			children = (
				062AE09623890007009CABC3 /* BWIcon.swift */,
			);
			path = Model;
			sourceTree = "<group>";
		};
		06954FBA24D4F25B00B6FAF4 /* Vendors */ = {
			isa = PBXGroup;
			children = (
				06954FBB24D4F25B00B6FAF4 /* BWHUDView */,
			);
			path = Vendors;
			sourceTree = "<group>";
		};
		06954FBB24D4F25B00B6FAF4 /* BWHUDView */ = {
			isa = PBXGroup;
			children = (
				06954FBC24D4F25B00B6FAF4 /* BWHUDView.swift */,
				06954FBD24D4F25B00B6FAF4 /* BWHUDResource.bundle */,
			);
			path = BWHUDView;
			sourceTree = "<group>";
		};
/* End PBXGroup section */

/* Begin PBXNativeTarget section */
		062AE0732388D65F009CABC3 /* IconMagick */ = {
			isa = PBXNativeTarget;
			buildConfigurationList = 062AE0842388D664009CABC3 /* Build configuration list for PBXNativeTarget "IconMagick" */;
			buildPhases = (
				062AE0702388D65F009CABC3 /* Sources */,
				062AE0712388D65F009CABC3 /* Frameworks */,
				062AE0722388D65F009CABC3 /* Resources */,
			);
			buildRules = (
			);
			dependencies = (
			);
			name = IconMagick;
			productName = IconMagick;
			productReference = 062AE0742388D65F009CABC3 /* IconMagick.app */;
			productType = "com.apple.product-type.application";
		};
/* End PBXNativeTarget section */

/* Begin PBXProject section */
		062AE06C2388D65F009CABC3 /* Project object */ = {
			isa = PBXProject;
			attributes = {
				LastSwiftUpdateCheck = 1110;
				LastUpgradeCheck = 1130;
				ORGANIZATIONNAME = BTStudio;
				TargetAttributes = {
					062AE0732388D65F009CABC3 = {
						CreatedOnToolsVersion = 11.1;
					};
				};
			};
			buildConfigurationList = 062AE06F2388D65F009CABC3 /* Build configuration list for PBXProject "IconMagick" */;
			compatibilityVersion = "Xcode 9.3";
			developmentRegion = en;
			hasScannedForEncodings = 0;
			knownRegions = (
				en,
				Base,
				"zh-Hans",
			);
			mainGroup = 062AE06B2388D65F009CABC3;
			productRefGroup = 062AE0752388D65F009CABC3 /* Products */;
			projectDirPath = "";
			projectRoot = "";
			targets = (
				062AE0732388D65F009CABC3 /* IconMagick */,
			);
		};
/* End PBXProject section */

/* Begin PBXResourcesBuildPhase section */
		062AE0722388D65F009CABC3 /* Resources */ = {
			isa = PBXResourcesBuildPhase;
			buildActionMask = 2147483647;
			files = (
				06EE09C3238F739800E79576 /* Localizable.strings in Resources */,
				06D81FD4258DDCD600EB4C5A /* InfoPlist.strings in Resources */,
				062AE0922388DF65009CABC3 /* BWIconsInfo.plist in Resources */,
				06954FBF24D4F25B00B6FAF4 /* BWHUDResource.bundle in Resources */,
				062AE07C2388D664009CABC3 /* Assets.xcassets in Resources */,
				06D45193238BC1CA00A63A2E /* add.png in Resources */,
				062ED37B238CF894009ECE3A /* app_icon_template.png in Resources */,
				062AE07F2388D664009CABC3 /* Main.storyboard in Resources */,
			);
			runOnlyForDeploymentPostprocessing = 0;
		};
/* End PBXResourcesBuildPhase section */

/* Begin PBXSourcesBuildPhase section */
		062AE0702388D65F009CABC3 /* Sources */ = {
			isa = PBXSourcesBuildPhase;
			buildActionMask = 2147483647;
			files = (
				062AE08E2388D7D7009CABC3 /* ViewController.swift in Sources */,
				062AE09723890007009CABC3 /* BWIcon.swift in Sources */,
				0686A2C623B09F6C00521016 /* NSImage+Helper.swift in Sources */,
				062AE0782388D65F009CABC3 /* AppDelegate.swift in Sources */,
				06D2C13323896FF2000836CF /* ITACommon.swift in Sources */,
				062AE0942388FDB4009CABC3 /* BWIconsView.swift in Sources */,
				06954FBE24D4F25B00B6FAF4 /* BWHUDView.swift in Sources */,
			);
			runOnlyForDeploymentPostprocessing = 0;
		};
/* End PBXSourcesBuildPhase section */

/* Begin PBXVariantGroup section */
		062AE07D2388D664009CABC3 /* Main.storyboard */ = {
			isa = PBXVariantGroup;
			children = (
				062AE07E2388D664009CABC3 /* Base */,
				06EE09BF238F6DD200E79576 /* en */,
				06EE09C0238F6DF700E79576 /* zh-Hans */,
			);
			name = Main.storyboard;
			sourceTree = "<group>";
		};
		06D81FD6258DDCD600EB4C5A /* InfoPlist.strings */ = {
			isa = PBXVariantGroup;
			children = (
				06D81FD5258DDCD600EB4C5A /* en */,
				06D81FD7258DDCDA00EB4C5A /* zh-Hans */,
			);
			name = InfoPlist.strings;
			sourceTree = "<group>";
		};
		06EE09C5238F739800E79576 /* Localizable.strings */ = {
			isa = PBXVariantGroup;
			children = (
				06EE09C4238F739800E79576 /* en */,
				06EE09C6238F739C00E79576 /* zh-Hans */,
			);
			name = Localizable.strings;
			sourceTree = "<group>";
		};
/* End PBXVariantGroup section */

/* Begin XCBuildConfiguration section */
		062AE0822388D664009CABC3 /* Debug */ = {
			isa = XCBuildConfiguration;
			buildSettings = {
				ALWAYS_SEARCH_USER_PATHS = NO;
				CLANG_ANALYZER_LOCALIZABILITY_NONLOCALIZED = YES;
				CLANG_ANALYZER_NONNULL = YES;
				CLANG_ANALYZER_NUMBER_OBJECT_CONVERSION = YES_AGGRESSIVE;
				CLANG_CXX_LANGUAGE_STANDARD = "gnu++14";
				CLANG_CXX_LIBRARY = "libc++";
				CLANG_ENABLE_MODULES = YES;
				CLANG_ENABLE_OBJC_ARC = YES;
				CLANG_ENABLE_OBJC_WEAK = YES;
				CLANG_WARN_BLOCK_CAPTURE_AUTORELEASING = YES;
				CLANG_WARN_BOOL_CONVERSION = YES;
				CLANG_WARN_COMMA = YES;
				CLANG_WARN_CONSTANT_CONVERSION = YES;
				CLANG_WARN_DEPRECATED_OBJC_IMPLEMENTATIONS = YES;
				CLANG_WARN_DIRECT_OBJC_ISA_USAGE = YES_ERROR;
				CLANG_WARN_DOCUMENTATION_COMMENTS = YES;
				CLANG_WARN_EMPTY_BODY = YES;
				CLANG_WARN_ENUM_CONVERSION = YES;
				CLANG_WARN_INFINITE_RECURSION = YES;
				CLANG_WARN_INT_CONVERSION = YES;
				CLANG_WARN_NON_LITERAL_NULL_CONVERSION = YES;
				CLANG_WARN_OBJC_IMPLICIT_RETAIN_SELF = YES;
				CLANG_WARN_OBJC_LITERAL_CONVERSION = YES;
				CLANG_WARN_OBJC_ROOT_CLASS = YES_ERROR;
				CLANG_WARN_RANGE_LOOP_ANALYSIS = YES;
				CLANG_WARN_STRICT_PROTOTYPES = YES;
				CLANG_WARN_SUSPICIOUS_MOVE = YES;
				CLANG_WARN_UNGUARDED_AVAILABILITY = YES_AGGRESSIVE;
				CLANG_WARN_UNREACHABLE_CODE = YES;
				CLANG_WARN__DUPLICATE_METHOD_MATCH = YES;
				COPY_PHASE_STRIP = NO;
				DEBUG_INFORMATION_FORMAT = dwarf;
				ENABLE_STRICT_OBJC_MSGSEND = YES;
				ENABLE_TESTABILITY = YES;
				GCC_C_LANGUAGE_STANDARD = gnu11;
				GCC_DYNAMIC_NO_PIC = NO;
				GCC_NO_COMMON_BLOCKS = YES;
				GCC_OPTIMIZATION_LEVEL = 0;
				GCC_PREPROCESSOR_DEFINITIONS = (
					"DEBUG=1",
					"$(inherited)",
				);
				GCC_WARN_64_TO_32_BIT_CONVERSION = YES;
				GCC_WARN_ABOUT_RETURN_TYPE = YES_ERROR;
				GCC_WARN_UNDECLARED_SELECTOR = YES;
				GCC_WARN_UNINITIALIZED_AUTOS = YES_AGGRESSIVE;
				GCC_WARN_UNUSED_FUNCTION = YES;
				GCC_WARN_UNUSED_VARIABLE = YES;
				MACOSX_DEPLOYMENT_TARGET = 10.15;
				MTL_ENABLE_DEBUG_INFO = INCLUDE_SOURCE;
				MTL_FAST_MATH = YES;
				ONLY_ACTIVE_ARCH = YES;
				SDKROOT = macosx;
				SWIFT_ACTIVE_COMPILATION_CONDITIONS = DEBUG;
				SWIFT_OPTIMIZATION_LEVEL = "-Onone";
			};
			name = Debug;
		};
		062AE0832388D664009CABC3 /* Release */ = {
			isa = XCBuildConfiguration;
			buildSettings = {
				ALWAYS_SEARCH_USER_PATHS = NO;
				CLANG_ANALYZER_LOCALIZABILITY_NONLOCALIZED = YES;
				CLANG_ANALYZER_NONNULL = YES;
				CLANG_ANALYZER_NUMBER_OBJECT_CONVERSION = YES_AGGRESSIVE;
				CLANG_CXX_LANGUAGE_STANDARD = "gnu++14";
				CLANG_CXX_LIBRARY = "libc++";
				CLANG_ENABLE_MODULES = YES;
				CLANG_ENABLE_OBJC_ARC = YES;
				CLANG_ENABLE_OBJC_WEAK = YES;
				CLANG_WARN_BLOCK_CAPTURE_AUTORELEASING = YES;
				CLANG_WARN_BOOL_CONVERSION = YES;
				CLANG_WARN_COMMA = YES;
				CLANG_WARN_CONSTANT_CONVERSION = YES;
				CLANG_WARN_DEPRECATED_OBJC_IMPLEMENTATIONS = YES;
				CLANG_WARN_DIRECT_OBJC_ISA_USAGE = YES_ERROR;
				CLANG_WARN_DOCUMENTATION_COMMENTS = YES;
				CLANG_WARN_EMPTY_BODY = YES;
				CLANG_WARN_ENUM_CONVERSION = YES;
				CLANG_WARN_INFINITE_RECURSION = YES;
				CLANG_WARN_INT_CONVERSION = YES;
				CLANG_WARN_NON_LITERAL_NULL_CONVERSION = YES;
				CLANG_WARN_OBJC_IMPLICIT_RETAIN_SELF = YES;
				CLANG_WARN_OBJC_LITERAL_CONVERSION = YES;
				CLANG_WARN_OBJC_ROOT_CLASS = YES_ERROR;
				CLANG_WARN_RANGE_LOOP_ANALYSIS = YES;
				CLANG_WARN_STRICT_PROTOTYPES = YES;
				CLANG_WARN_SUSPICIOUS_MOVE = YES;
				CLANG_WARN_UNGUARDED_AVAILABILITY = YES_AGGRESSIVE;
				CLANG_WARN_UNREACHABLE_CODE = YES;
				CLANG_WARN__DUPLICATE_METHOD_MATCH = YES;
				COPY_PHASE_STRIP = NO;
				DEBUG_INFORMATION_FORMAT = "dwarf-with-dsym";
				ENABLE_NS_ASSERTIONS = NO;
				ENABLE_STRICT_OBJC_MSGSEND = YES;
				GCC_C_LANGUAGE_STANDARD = gnu11;
				GCC_NO_COMMON_BLOCKS = YES;
				GCC_WARN_64_TO_32_BIT_CONVERSION = YES;
				GCC_WARN_ABOUT_RETURN_TYPE = YES_ERROR;
				GCC_WARN_UNDECLARED_SELECTOR = YES;
				GCC_WARN_UNINITIALIZED_AUTOS = YES_AGGRESSIVE;
				GCC_WARN_UNUSED_FUNCTION = YES;
				GCC_WARN_UNUSED_VARIABLE = YES;
				MACOSX_DEPLOYMENT_TARGET = 10.15;
				MTL_ENABLE_DEBUG_INFO = NO;
				MTL_FAST_MATH = YES;
				SDKROOT = macosx;
				SWIFT_COMPILATION_MODE = wholemodule;
				SWIFT_OPTIMIZATION_LEVEL = "-O";
			};
			name = Release;
		};
		062AE0852388D664009CABC3 /* Debug */ = {
			isa = XCBuildConfiguration;
			buildSettings = {
				ASSETCATALOG_COMPILER_APPICON_NAME = AppIcon;
				CODE_SIGN_ENTITLEMENTS = IconMagick/IconMagick.entitlements;
				CODE_SIGN_IDENTITY = "-";
				CODE_SIGN_STYLE = Automatic;
				COMBINE_HIDPI_IMAGES = YES;
				CURRENT_PROJECT_VERSION = 2;
				DEVELOPMENT_TEAM = Q9DDP5YT6J;
				ENABLE_HARDENED_RUNTIME = YES;
				INFOPLIST_FILE = IconMagick/Info.plist;
				INFOPLIST_KEY_CFBundleDisplayName = IconMagick;
				INFOPLIST_KEY_LSApplicationCategoryType = "public.app-category.utilities";
				LD_RUNPATH_SEARCH_PATHS = (
					"$(inherited)",
					"@executable_path/../Frameworks",
				);
				MACOSX_DEPLOYMENT_TARGET = 10.14;
				MARKETING_VERSION = 1.0.7;
				PRODUCT_BUNDLE_IDENTIFIER = com.BTStudio.IconMagick;
				PRODUCT_NAME = "$(TARGET_NAME)";
				SWIFT_VERSION = 5.0;
			};
			name = Debug;
		};
		062AE0862388D664009CABC3 /* Release */ = {
			isa = XCBuildConfiguration;
			buildSettings = {
				ASSETCATALOG_COMPILER_APPICON_NAME = AppIcon;
				CODE_SIGN_ENTITLEMENTS = IconMagick/IconMagick.entitlements;
				CODE_SIGN_IDENTITY = "-";
				CODE_SIGN_STYLE = Automatic;
				COMBINE_HIDPI_IMAGES = YES;
				CURRENT_PROJECT_VERSION = 2;
				DEVELOPMENT_TEAM = Q9DDP5YT6J;
				ENABLE_HARDENED_RUNTIME = YES;
				INFOPLIST_FILE = IconMagick/Info.plist;
				INFOPLIST_KEY_CFBundleDisplayName = IconMagick;
				INFOPLIST_KEY_LSApplicationCategoryType = "public.app-category.utilities";
				LD_RUNPATH_SEARCH_PATHS = (
					"$(inherited)",
					"@executable_path/../Frameworks",
				);
				MACOSX_DEPLOYMENT_TARGET = 10.14;
				MARKETING_VERSION = 1.0.7;
				PRODUCT_BUNDLE_IDENTIFIER = com.BTStudio.IconMagick;
				PRODUCT_NAME = "$(TARGET_NAME)";
				SWIFT_VERSION = 5.0;
			};
			name = Release;
		};
/* End XCBuildConfiguration section */

/* Begin XCConfigurationList section */
		062AE06F2388D65F009CABC3 /* Build configuration list for PBXProject "IconMagick" */ = {
			isa = XCConfigurationList;
			buildConfigurations = (
				062AE0822388D664009CABC3 /* Debug */,
				062AE0832388D664009CABC3 /* Release */,
			);
			defaultConfigurationIsVisible = 0;
			defaultConfigurationName = Release;
		};
		062AE0842388D664009CABC3 /* Build configuration list for PBXNativeTarget "IconMagick" */ = {
			isa = XCConfigurationList;
			buildConfigurations = (
				062AE0852388D664009CABC3 /* Debug */,
				062AE0862388D664009CABC3 /* Release */,
			);
			defaultConfigurationIsVisible = 0;
			defaultConfigurationName = Release;
		};
/* End XCConfigurationList section */
	};
	rootObject = 062AE06C2388D65F009CABC3 /* Project object */;
}
